
Microsoft Visual Studio Solution File, Format Version 12.00
# Visual Studio Version 17
VisualStudioVersion = 17.11.35219.272
MinimumVisualStudioVersion = 10.0.40219.1
Project("{888888A0-9F3D-457C-B088-3A5042F75D52}") = "Task-1 Unique Visitors Tracking", "Task-1 Unique Visitors Tracking\Task-1 Unique Visitors Tracking.pyproj", "{DCC8302A-9671-481A-AAE6-39B8113143E7}"
EndProject
Global
	GlobalSection(SolutionConfigurationPlatforms) = preSolution
		Debug|Any CPU = Debug|Any CPU
		Release|Any CPU = Release|Any CPU
	EndGlobalSection
	GlobalSection(ProjectConfigurationPlatforms) = postSolution
		{DCC8302A-9671-481A-AAE6-39B8113143E7}.Debug|Any CPU.ActiveCfg = Debug|Any CPU
		{DCC8302A-9671-481A-AAE6-39B8113143E7}.Release|Any CPU.ActiveCfg = Release|Any CPU
	EndGlobalSection
	GlobalSection(SolutionProperties) = preSolution
		HideSolutionNode = FALSE
	EndGlobalSection
	GlobalSection(ExtensibilityGlobals) = postSolution
		SolutionGuid = {282CF130-F065-4C8A-9202-51A3F3CB6980}
	EndGlobalSection
EndGlobal
